
Microsoft Visual Studio Solution File, Format Version 12.00
# Visual Studio 2012
Project("{FAE04EC0-301F-11D3-BF4B-00C04F79EFBC}") = "2d_array_convert_to_1d", "2d_array_convert_to_1d\2d_array_convert_to_1d.csproj", "{9CD99377-12A2-4369-AD2F-79C79808CE4A}"
EndProject
Global
	GlobalSection(SolutionConfigurationPlatforms) = preSolution
		Debug|Any CPU = Debug|Any CPU
		Release|Any CPU = Release|Any CPU
	EndGlobalSection
	GlobalSection(ProjectConfigurationPlatforms) = postSolution
		{9CD99377-12A2-4369-AD2F-79C79808CE4A}.Debug|Any CPU.ActiveCfg = Debug|Any CPU
		{9CD99377-12A2-4369-AD2F-79C79808CE4A}.Debug|Any CPU.Build.0 = Debug|Any CPU
		{9CD99377-12A2-4369-AD2F-79C79808CE4A}.Release|Any CPU.ActiveCfg = Release|Any CPU
		{9CD99377-12A2-4369-AD2F-79C79808CE4A}.Release|Any CPU.Build.0 = Release|Any CPU
	EndGlobalSection
EndGlobal
